
Microsoft Visual Studio Solution File, Format Version 12.00
# Visual Studio Version 16
VisualStudioVersion = 16.0.32510.428
MinimumVisualStudioVersion = 10.0.40219.1
Project("{FAE04EC0-301F-11D3-BF4B-00C04F79EFBC}") = "BaiTap3_61133801", "BaiTap3_61133801\BaiTap3_61133801.csproj", "{DB532C4A-9FFB-4456-BFF7-23C6D8312A5D}"
EndProject
Global
	GlobalSection(SolutionConfigurationPlatforms) = preSolution
		Debug|Any CPU = Debug|Any CPU
		Release|Any CPU = Release|Any CPU
	EndGlobalSection
	GlobalSection(ProjectConfigurationPlatforms) = postSolution
		{DB532C4A-9FFB-4456-BFF7-23C6D8312A5D}.Debug|Any CPU.ActiveCfg = Debug|Any CPU
		{DB532C4A-9FFB-4456-BFF7-23C6D8312A5D}.Debug|Any CPU.Build.0 = Debug|Any CPU
		{DB532C4A-9FFB-4456-BFF7-23C6D8312A5D}.Release|Any CPU.ActiveCfg = Release|Any CPU
		{DB532C4A-9FFB-4456-BFF7-23C6D8312A5D}.Release|Any CPU.Build.0 = Release|Any CPU
	EndGlobalSection
	GlobalSection(SolutionProperties) = preSolution
		HideSolutionNode = FALSE
	EndGlobalSection
	GlobalSection(ExtensibilityGlobals) = postSolution
		SolutionGuid = {734E2C18-DDC7-44F1-8E42-4C0C3C39D358}
	EndGlobalSection
EndGlobal
