
Microsoft Visual Studio Solution File, Format Version 12.00
# Visual Studio Version 16
VisualStudioVersion = 16.0.32510.428
MinimumVisualStudioVersion = 10.0.40219.1
Project("{FAE04EC0-301F-11D3-BF4B-00C04F79EFBC}") = "BaiTap5_61133801", "BaiTap5_61133801\BaiTap5_61133801.csproj", "{C355C007-306F-4E66-8D40-6CDF8511B274}"
EndProject
Global
	GlobalSection(SolutionConfigurationPlatforms) = preSolution
		Debug|Any CPU = Debug|Any CPU
		Release|Any CPU = Release|Any CPU
	EndGlobalSection
	GlobalSection(ProjectConfigurationPlatforms) = postSolution
		{C355C007-306F-4E66-8D40-6CDF8511B274}.Debug|Any CPU.ActiveCfg = Debug|Any CPU
		{C355C007-306F-4E66-8D40-6CDF8511B274}.Debug|Any CPU.Build.0 = Debug|Any CPU
		{C355C007-306F-4E66-8D40-6CDF8511B274}.Release|Any CPU.ActiveCfg = Release|Any CPU
		{C355C007-306F-4E66-8D40-6CDF8511B274}.Release|Any CPU.Build.0 = Release|Any CPU
	EndGlobalSection
	GlobalSection(SolutionProperties) = preSolution
		HideSolutionNode = FALSE
	EndGlobalSection
	GlobalSection(ExtensibilityGlobals) = postSolution
		SolutionGuid = {0BA734E8-7C84-46F2-8A3D-DCE0763FBD80}
	EndGlobalSection
EndGlobal
